// !$*UTF8*$!
{
	archiveVersion = 1;
	classes = {
	};
	objectVersion = 56;
	objects = {

/* Begin PBXBuildFile section */
		B81BED942935E4D6009A41BC /* Plus one.swift in Sources */ = {isa = PBXBuildFile; fileRef = B81BED932935E4D6009A41BC /* Plus one.swift */; };
		B81BED962935E50F009A41BC /* remove element.swift in Sources */ = {isa = PBXBuildFile; fileRef = B81BED952935E50F009A41BC /* remove element.swift */; };
		B85461072939306000258E2D /* length-of-the-last-word.swift in Sources */ = {isa = PBXBuildFile; fileRef = B85461062939306000258E2D /* length-of-the-last-word.swift */; };
		B88E64F8292B5F00000FFD0B /* Two-Sum.swift in Sources */ = {isa = PBXBuildFile; fileRef = B88E64F7292B5EFF000FFD0B /* Two-Sum.swift */; };
		B88E6503292B6680000FFD0B /* Palindrome-Number.swift in Sources */ = {isa = PBXBuildFile; fileRef = B88E6502292B667F000FFD0B /* Palindrome-Number.swift */; };
		B88E6506292B7F11000FFD0B /* Roman-to-Int.swift in Sources */ = {isa = PBXBuildFile; fileRef = B88E6505292B7F11000FFD0B /* Roman-to-Int.swift */; };
		B88E6508292CBBEA000FFD0B /* longest-common-prefix.swift in Sources */ = {isa = PBXBuildFile; fileRef = B88E6507292CBBEA000FFD0B /* longest-common-prefix.swift */; };
		B8965257291C3D9500950060 /* main.swift in Sources */ = {isa = PBXBuildFile; fileRef = B8965256291C3D9500950060 /* main.swift */; };
/* End PBXBuildFile section */

/* Begin PBXCopyFilesBuildPhase section */
		B8965251291C3D9500950060 /* CopyFiles */ = {
			isa = PBXCopyFilesBuildPhase;
			buildActionMask = 2147483647;
			dstPath = /usr/share/man/man1/;
			dstSubfolderSpec = 0;
			files = (
			);
			runOnlyForDeploymentPostprocessing = 1;
		};
/* End PBXCopyFilesBuildPhase section */

/* Begin PBXFileReference section */
		B81BED932935E4D6009A41BC /* Plus one.swift */ = {isa = PBXFileReference; lastKnownFileType = sourcecode.swift; path = "Plus one.swift"; sourceTree = "<group>"; };
		B81BED952935E50F009A41BC /* remove element.swift */ = {isa = PBXFileReference; lastKnownFileType = sourcecode.swift; path = "remove element.swift"; sourceTree = "<group>"; };
		B85461062939306000258E2D /* length-of-the-last-word.swift */ = {isa = PBXFileReference; lastKnownFileType = sourcecode.swift; path = "length-of-the-last-word.swift"; sourceTree = "<group>"; };
		B88E64F7292B5EFF000FFD0B /* Two-Sum.swift */ = {isa = PBXFileReference; lastKnownFileType = sourcecode.swift; path = "Two-Sum.swift"; sourceTree = "<group>"; };
		B88E6502292B667F000FFD0B /* Palindrome-Number.swift */ = {isa = PBXFileReference; lastKnownFileType = sourcecode.swift; path = "Palindrome-Number.swift"; sourceTree = "<group>"; };
		B88E6505292B7F11000FFD0B /* Roman-to-Int.swift */ = {isa = PBXFileReference; lastKnownFileType = sourcecode.swift; path = "Roman-to-Int.swift"; sourceTree = "<group>"; };
		B88E6507292CBBEA000FFD0B /* longest-common-prefix.swift */ = {isa = PBXFileReference; lastKnownFileType = sourcecode.swift; path = "longest-common-prefix.swift"; sourceTree = "<group>"; };
		B8965253291C3D9500950060 /* practicing-on-problem-solving */ = {isa = PBXFileReference; explicitFileType = "compiled.mach-o.executable"; includeInIndex = 0; path = "practicing-on-problem-solving"; sourceTree = BUILT_PRODUCTS_DIR; };
		B8965256291C3D9500950060 /* main.swift */ = {isa = PBXFileReference; lastKnownFileType = sourcecode.swift; path = main.swift; sourceTree = "<group>"; };
/* End PBXFileReference section */

/* Begin PBXFrameworksBuildPhase section */
		B8965250291C3D9500950060 /* Frameworks */ = {
			isa = PBXFrameworksBuildPhase;
			buildActionMask = 2147483647;
			files = (
			);
			runOnlyForDeploymentPostprocessing = 0;
		};
/* End PBXFrameworksBuildPhase section */

/* Begin PBXGroup section */
		B88E6501292B6669000FFD0B /* Easy */ = {
			isa = PBXGroup;
			children = (
				B88E64F7292B5EFF000FFD0B /* Two-Sum.swift */,
				B88E6502292B667F000FFD0B /* Palindrome-Number.swift */,
				B88E6505292B7F11000FFD0B /* Roman-to-Int.swift */,
				B88E6507292CBBEA000FFD0B /* longest-common-prefix.swift */,
				B81BED932935E4D6009A41BC /* Plus one.swift */,
				B81BED952935E50F009A41BC /* remove element.swift */,
				B85461062939306000258E2D /* length-of-the-last-word.swift */,
			);
			path = Easy;
			sourceTree = "<group>";
		};
		B88E6504292B6824000FFD0B /* Problem Solution */ = {
			isa = PBXGroup;
			children = (
				B88E6501292B6669000FFD0B /* Easy */,
			);
			path = "Problem Solution";
			sourceTree = "<group>";
		};
		B896524A291C3D9500950060 = {
			isa = PBXGroup;
			children = (
				B88E6504292B6824000FFD0B /* Problem Solution */,
				B8965255291C3D9500950060 /* practicing-on-problem-solving */,
				B8965254291C3D9500950060 /* Products */,
			);
			sourceTree = "<group>";
		};
		B8965254291C3D9500950060 /* Products */ = {
			isa = PBXGroup;
			children = (
				B8965253291C3D9500950060 /* practicing-on-problem-solving */,
			);
			name = Products;
			sourceTree = "<group>";
		};
		B8965255291C3D9500950060 /* practicing-on-problem-solving */ = {
			isa = PBXGroup;
			children = (
				B8965256291C3D9500950060 /* main.swift */,
			);
			path = "practicing-on-problem-solving";
			sourceTree = "<group>";
		};
/* End PBXGroup section */

/* Begin PBXNativeTarget section */
		B8965252291C3D9500950060 /* practicing-on-problem-solving */ = {
			isa = PBXNativeTarget;
			buildConfigurationList = B896525A291C3D9500950060 /* Build configuration list for PBXNativeTarget "practicing-on-problem-solving" */;
			buildPhases = (
				B896524F291C3D9500950060 /* Sources */,
				B8965250291C3D9500950060 /* Frameworks */,
				B8965251291C3D9500950060 /* CopyFiles */,
			);
			buildRules = (
			);
			dependencies = (
			);
			name = "practicing-on-problem-solving";
			productName = "practicing-on-problem-solving";
			productReference = B8965253291C3D9500950060 /* practicing-on-problem-solving */;
			productType = "com.apple.product-type.tool";
		};
/* End PBXNativeTarget section */

/* Begin PBXProject section */
		B896524B291C3D9500950060 /* Project object */ = {
			isa = PBXProject;
			attributes = {
				BuildIndependentTargetsInParallel = 1;
				LastSwiftUpdateCheck = 1400;
				LastUpgradeCheck = 1400;
				TargetAttributes = {
					B8965252291C3D9500950060 = {
						CreatedOnToolsVersion = 14.0.1;
					};
				};
			};
			buildConfigurationList = B896524E291C3D9500950060 /* Build configuration list for PBXProject "practicing-on-problem-solving" */;
			compatibilityVersion = "Xcode 14.0";
			developmentRegion = en;
			hasScannedForEncodings = 0;
			knownRegions = (
				en,
				Base,
			);
			mainGroup = B896524A291C3D9500950060;
			productRefGroup = B8965254291C3D9500950060 /* Products */;
			projectDirPath = "";
			projectRoot = "";
			targets = (
				B8965252291C3D9500950060 /* practicing-on-problem-solving */,
			);
		};
/* End PBXProject section */

/* Begin PBXSourcesBuildPhase section */
		B896524F291C3D9500950060 /* Sources */ = {
			isa = PBXSourcesBuildPhase;
			buildActionMask = 2147483647;
			files = (
				B88E64F8292B5F00000FFD0B /* Two-Sum.swift in Sources */,
				B88E6508292CBBEA000FFD0B /* longest-common-prefix.swift in Sources */,
				B88E6503292B6680000FFD0B /* Palindrome-Number.swift in Sources */,
				B88E6506292B7F11000FFD0B /* Roman-to-Int.swift in Sources */,
				B85461072939306000258E2D /* length-of-the-last-word.swift in Sources */,
				B81BED962935E50F009A41BC /* remove element.swift in Sources */,
				B8965257291C3D9500950060 /* main.swift in Sources */,
				B81BED942935E4D6009A41BC /* Plus one.swift in Sources */,
			);
			runOnlyForDeploymentPostprocessing = 0;
		};
/* End PBXSourcesBuildPhase section */

/* Begin XCBuildConfiguration section */
		B8965258291C3D9500950060 /* Debug */ = {
			isa = XCBuildConfiguration;
			buildSettings = {
				ALWAYS_SEARCH_USER_PATHS = NO;
				CLANG_ANALYZER_NONNULL = YES;
				CLANG_ANALYZER_NUMBER_OBJECT_CONVERSION = YES_AGGRESSIVE;
				CLANG_CXX_LANGUAGE_STANDARD = "gnu++20";
				CLANG_ENABLE_MODULES = YES;
				CLANG_ENABLE_OBJC_ARC = YES;
				CLANG_ENABLE_OBJC_WEAK = YES;
				CLANG_WARN_BLOCK_CAPTURE_AUTORELEASING = YES;
				CLANG_WARN_BOOL_CONVERSION = YES;
				CLANG_WARN_COMMA = YES;
				CLANG_WARN_CONSTANT_CONVERSION = YES;
				CLANG_WARN_DEPRECATED_OBJC_IMPLEMENTATIONS = YES;
				CLANG_WARN_DIRECT_OBJC_ISA_USAGE = YES_ERROR;
				CLANG_WARN_DOCUMENTATION_COMMENTS = YES;
				CLANG_WARN_EMPTY_BODY = YES;
				CLANG_WARN_ENUM_CONVERSION = YES;
				CLANG_WARN_INFINITE_RECURSION = YES;
				CLANG_WARN_INT_CONVERSION = YES;
				CLANG_WARN_NON_LITERAL_NULL_CONVERSION = YES;
				CLANG_WARN_OBJC_IMPLICIT_RETAIN_SELF = YES;
				CLANG_WARN_OBJC_LITERAL_CONVERSION = YES;
				CLANG_WARN_OBJC_ROOT_CLASS = YES_ERROR;
				CLANG_WARN_QUOTED_INCLUDE_IN_FRAMEWORK_HEADER = YES;
				CLANG_WARN_RANGE_LOOP_ANALYSIS = YES;
				CLANG_WARN_STRICT_PROTOTYPES = YES;
				CLANG_WARN_SUSPICIOUS_MOVE = YES;
				CLANG_WARN_UNGUARDED_AVAILABILITY = YES_AGGRESSIVE;
				CLANG_WARN_UNREACHABLE_CODE = YES;
				CLANG_WARN__DUPLICATE_METHOD_MATCH = YES;
				COPY_PHASE_STRIP = NO;
				DEBUG_INFORMATION_FORMAT = dwarf;
				ENABLE_STRICT_OBJC_MSGSEND = YES;
				ENABLE_TESTABILITY = YES;
				GCC_C_LANGUAGE_STANDARD = gnu11;
				GCC_DYNAMIC_NO_PIC = NO;
				GCC_NO_COMMON_BLOCKS = YES;
				GCC_OPTIMIZATION_LEVEL = 0;
				GCC_PREPROCESSOR_DEFINITIONS = (
					"DEBUG=1",
					"$(inherited)",
				);
				GCC_WARN_64_TO_32_BIT_CONVERSION = YES;
				GCC_WARN_ABOUT_RETURN_TYPE = YES_ERROR;
				GCC_WARN_UNDECLARED_SELECTOR = YES;
				GCC_WARN_UNINITIALIZED_AUTOS = YES_AGGRESSIVE;
				GCC_WARN_UNUSED_FUNCTION = YES;
				GCC_WARN_UNUSED_VARIABLE = YES;
				MACOSX_DEPLOYMENT_TARGET = 12.3;
				MTL_ENABLE_DEBUG_INFO = INCLUDE_SOURCE;
				MTL_FAST_MATH = YES;
				ONLY_ACTIVE_ARCH = YES;
				SDKROOT = macosx;
				SWIFT_ACTIVE_COMPILATION_CONDITIONS = DEBUG;
				SWIFT_OPTIMIZATION_LEVEL = "-Onone";
			};
			name = Debug;
		};
		B8965259291C3D9500950060 /* Release */ = {
			isa = XCBuildConfiguration;
			buildSettings = {
				ALWAYS_SEARCH_USER_PATHS = NO;
				CLANG_ANALYZER_NONNULL = YES;
				CLANG_ANALYZER_NUMBER_OBJECT_CONVERSION = YES_AGGRESSIVE;
				CLANG_CXX_LANGUAGE_STANDARD = "gnu++20";
				CLANG_ENABLE_MODULES = YES;
				CLANG_ENABLE_OBJC_ARC = YES;
				CLANG_ENABLE_OBJC_WEAK = YES;
				CLANG_WARN_BLOCK_CAPTURE_AUTORELEASING = YES;
				CLANG_WARN_BOOL_CONVERSION = YES;
				CLANG_WARN_COMMA = YES;
				CLANG_WARN_CONSTANT_CONVERSION = YES;
				CLANG_WARN_DEPRECATED_OBJC_IMPLEMENTATIONS = YES;
				CLANG_WARN_DIRECT_OBJC_ISA_USAGE = YES_ERROR;
				CLANG_WARN_DOCUMENTATION_COMMENTS = YES;
				CLANG_WARN_EMPTY_BODY = YES;
				CLANG_WARN_ENUM_CONVERSION = YES;
				CLANG_WARN_INFINITE_RECURSION = YES;
				CLANG_WARN_INT_CONVERSION = YES;
				CLANG_WARN_NON_LITERAL_NULL_CONVERSION = YES;
				CLANG_WARN_OBJC_IMPLICIT_RETAIN_SELF = YES;
				CLANG_WARN_OBJC_LITERAL_CONVERSION = YES;
				CLANG_WARN_OBJC_ROOT_CLASS = YES_ERROR;
				CLANG_WARN_QUOTED_INCLUDE_IN_FRAMEWORK_HEADER = YES;
				CLANG_WARN_RANGE_LOOP_ANALYSIS = YES;
				CLANG_WARN_STRICT_PROTOTYPES = YES;
				CLANG_WARN_SUSPICIOUS_MOVE = YES;
				CLANG_WARN_UNGUARDED_AVAILABILITY = YES_AGGRESSIVE;
				CLANG_WARN_UNREACHABLE_CODE = YES;
				CLANG_WARN__DUPLICATE_METHOD_MATCH = YES;
				COPY_PHASE_STRIP = NO;
				DEBUG_INFORMATION_FORMAT = "dwarf-with-dsym";
				ENABLE_NS_ASSERTIONS = NO;
				ENABLE_STRICT_OBJC_MSGSEND = YES;
				GCC_C_LANGUAGE_STANDARD = gnu11;
				GCC_NO_COMMON_BLOCKS = YES;
				GCC_WARN_64_TO_32_BIT_CONVERSION = YES;
				GCC_WARN_ABOUT_RETURN_TYPE = YES_ERROR;
				GCC_WARN_UNDECLARED_SELECTOR = YES;
				GCC_WARN_UNINITIALIZED_AUTOS = YES_AGGRESSIVE;
				GCC_WARN_UNUSED_FUNCTION = YES;
				GCC_WARN_UNUSED_VARIABLE = YES;
				MACOSX_DEPLOYMENT_TARGET = 12.3;
				MTL_ENABLE_DEBUG_INFO = NO;
				MTL_FAST_MATH = YES;
				SDKROOT = macosx;
				SWIFT_COMPILATION_MODE = wholemodule;
				SWIFT_OPTIMIZATION_LEVEL = "-O";
			};
			name = Release;
		};
		B896525B291C3D9500950060 /* Debug */ = {
			isa = XCBuildConfiguration;
			buildSettings = {
				CODE_SIGN_STYLE = Automatic;
				DEVELOPMENT_TEAM = 45M762G46Z;
				ENABLE_HARDENED_RUNTIME = YES;
				PRODUCT_NAME = "$(TARGET_NAME)";
				SWIFT_VERSION = 5.0;
			};
			name = Debug;
		};
		B896525C291C3D9500950060 /* Release */ = {
			isa = XCBuildConfiguration;
			buildSettings = {
				CODE_SIGN_STYLE = Automatic;
				DEVELOPMENT_TEAM = 45M762G46Z;
				ENABLE_HARDENED_RUNTIME = YES;
				PRODUCT_NAME = "$(TARGET_NAME)";
				SWIFT_VERSION = 5.0;
			};
			name = Release;
		};
/* End XCBuildConfiguration section */

/* Begin XCConfigurationList section */
		B896524E291C3D9500950060 /* Build configuration list for PBXProject "practicing-on-problem-solving" */ = {
			isa = XCConfigurationList;
			buildConfigurations = (
				B8965258291C3D9500950060 /* Debug */,
				B8965259291C3D9500950060 /* Release */,
			);
			defaultConfigurationIsVisible = 0;
			defaultConfigurationName = Release;
		};
		B896525A291C3D9500950060 /* Build configuration list for PBXNativeTarget "practicing-on-problem-solving" */ = {
			isa = XCConfigurationList;
			buildConfigurations = (
				B896525B291C3D9500950060 /* Debug */,
				B896525C291C3D9500950060 /* Release */,
			);
			defaultConfigurationIsVisible = 0;
			defaultConfigurationName = Release;
		};
/* End XCConfigurationList section */
	};
	rootObject = B896524B291C3D9500950060 /* Project object */;
}
